
Microsoft Visual Studio Solution File, Format Version 12.00
# Visual Studio Version 16
VisualStudioVersion = 16.0.30114.105
MinimumVisualStudioVersion = 10.0.40219.1
Project("{9A19103F-16F7-4668-BE54-9A1E7A4F7556}") = "NexusExtensions.TypeExtensions", "NexusExtensions.TypeExtensions\NexusExtensions.TypeExtensions.csproj", "{79EC14FD-4021-4EC5-9EA1-31B2DAAC75DA}"
EndProject
Project("{9A19103F-16F7-4668-BE54-9A1E7A4F7556}") = "NexusExtensions.Security", "NexusExtensions.Security\NexusExtensions.Security.csproj", "{1C1CCAAD-83A4-40A4-BFA9-542A28017454}"
EndProject
Global
	GlobalSection(SolutionConfigurationPlatforms) = preSolution
		Debug|Any CPU = Debug|Any CPU
		Release|Any CPU = Release|Any CPU
	EndGlobalSection
	GlobalSection(ProjectConfigurationPlatforms) = postSolution
		{79EC14FD-4021-4EC5-9EA1-31B2DAAC75DA}.Debug|Any CPU.ActiveCfg = Debug|Any CPU
		{79EC14FD-4021-4EC5-9EA1-31B2DAAC75DA}.Debug|Any CPU.Build.0 = Debug|Any CPU
		{79EC14FD-4021-4EC5-9EA1-31B2DAAC75DA}.Release|Any CPU.ActiveCfg = Release|Any CPU
		{79EC14FD-4021-4EC5-9EA1-31B2DAAC75DA}.Release|Any CPU.Build.0 = Release|Any CPU
		{1C1CCAAD-83A4-40A4-BFA9-542A28017454}.Debug|Any CPU.ActiveCfg = Debug|Any CPU
		{1C1CCAAD-83A4-40A4-BFA9-542A28017454}.Debug|Any CPU.Build.0 = Debug|Any CPU
		{1C1CCAAD-83A4-40A4-BFA9-542A28017454}.Release|Any CPU.ActiveCfg = Release|Any CPU
		{1C1CCAAD-83A4-40A4-BFA9-542A28017454}.Release|Any CPU.Build.0 = Release|Any CPU
	EndGlobalSection
	GlobalSection(SolutionProperties) = preSolution
		HideSolutionNode = FALSE
	EndGlobalSection
	GlobalSection(ExtensibilityGlobals) = postSolution
		SolutionGuid = {F3D59A77-2574-4259-90FE-D5D61583273A}
	EndGlobalSection
EndGlobal
